
Microsoft Visual Studio Solution File, Format Version 12.00
# Visual Studio 14
VisualStudioVersion = 14.0.24720.0
MinimumVisualStudioVersion = 10.0.40219.1
Project("{8BC9CEB8-8B4A-11D0-8D11-00A0C91BC942}") = "PyPipBoyApp-Launcher", "PyPipBoyApp-Launcher\PyPipBoyApp-Launcher.vcxproj", "{5058C8B7-2727-4AA6-8EC9-394FD5E0D1F5}"
EndProject
Project("{8BC9CEB8-8B4A-11D0-8D11-00A0C91BC942}") = "PyPipBoyApp-PortableLauncher", "PyPipBoyApp-Launcher\PyPipBoyApp-PortableLauncher.vcxproj", "{8E239625-EB12-4A58-99B5-882459815C59}"
EndProject
Global
	GlobalSection(SolutionConfigurationPlatforms) = preSolution
		Debug|Win32 = Debug|Win32
		Release|Win32 = Release|Win32
	EndGlobalSection
	GlobalSection(ProjectConfigurationPlatforms) = postSolution
		{5058C8B7-2727-4AA6-8EC9-394FD5E0D1F5}.Debug|Win32.ActiveCfg = Debug|Win32
		{5058C8B7-2727-4AA6-8EC9-394FD5E0D1F5}.Debug|Win32.Build.0 = Debug|Win32
		{5058C8B7-2727-4AA6-8EC9-394FD5E0D1F5}.Release|Win32.ActiveCfg = Release|Win32
		{5058C8B7-2727-4AA6-8EC9-394FD5E0D1F5}.Release|Win32.Build.0 = Release|Win32
		{8E239625-EB12-4A58-99B5-882459815C59}.Debug|Win32.ActiveCfg = Debug|Win32
		{8E239625-EB12-4A58-99B5-882459815C59}.Debug|Win32.Build.0 = Debug|Win32
		{8E239625-EB12-4A58-99B5-882459815C59}.Release|Win32.ActiveCfg = Release|Win32
		{8E239625-EB12-4A58-99B5-882459815C59}.Release|Win32.Build.0 = Release|Win32
	EndGlobalSection
	GlobalSection(SolutionProperties) = preSolution
		HideSolutionNode = FALSE
	EndGlobalSection
EndGlobal
